
Microsoft Visual Studio Solution File, Format Version 12.00
# Visual Studio Version 16
VisualStudioVersion = 16.0.31205.134
MinimumVisualStudioVersion = 10.0.40219.1
Project("{8BC9CEB8-8B4A-11D0-8D11-00A0C91BC942}") = "Day1_1", "Day1_1\Day1_1.vcxproj", "{5839D33F-F80C-435C-8ED2-10AF26BE2137}"
EndProject
Project("{8BC9CEB8-8B4A-11D0-8D11-00A0C91BC942}") = "Day1_2", "Day1_2\Day1_2.vcxproj", "{C3787C64-81EC-46A6-9CA7-18E3E35FA90F}"
EndProject
Project("{8BC9CEB8-8B4A-11D0-8D11-00A0C91BC942}") = "Day2_1", "Day2_1\Day2_1.vcxproj", "{A7125081-1B84-4CA1-83EE-5A06BDD25166}"
EndProject
Project("{8BC9CEB8-8B4A-11D0-8D11-00A0C91BC942}") = "Day2_2", "Day2_2\Day2_2.vcxproj", "{FD2E518F-7BCE-420B-A443-75BAC385C552}"
EndProject
Project("{8BC9CEB8-8B4A-11D0-8D11-00A0C91BC942}") = "Day3_1", "Day3_1\Day3_1.vcxproj", "{40E73CA0-4EC5-4A26-8DDD-EA55416536A8}"
EndProject
Project("{8BC9CEB8-8B4A-11D0-8D11-00A0C91BC942}") = "Day3_2", "Day3_2\Day3_2.vcxproj", "{C7099A56-4D85-4ED8-9876-0076F0E1B7D1}"
EndProject
Project("{8BC9CEB8-8B4A-11D0-8D11-00A0C91BC942}") = "Day4_1", "Day4_1\Day4_1.vcxproj", "{D02DAE34-1060-402A-B3DB-8DC0702FAFFA}"
EndProject
Project("{8BC9CEB8-8B4A-11D0-8D11-00A0C91BC942}") = "Day4_2", "Day4_2\Day4_2.vcxproj", "{33FA7081-A64B-4B52-93F4-9F517BCD1745}"
EndProject
Project("{8BC9CEB8-8B4A-11D0-8D11-00A0C91BC942}") = "Day5_1", "Day5_1\Day5_1.vcxproj", "{0D3144CD-AA64-47DB-A3C0-60F620B0D90D}"
EndProject
Project("{8BC9CEB8-8B4A-11D0-8D11-00A0C91BC942}") = "Day5_2", "Day5_2\Day5_2.vcxproj", "{7010C556-A189-4459-8B5C-1379244060CA}"
EndProject
Project("{8BC9CEB8-8B4A-11D0-8D11-00A0C91BC942}") = "Day6_1", "Day6_1\Day6_1.vcxproj", "{606D66E6-E3D5-4CD8-8D95-5CFBAC25D0FA}"
EndProject
Project("{8BC9CEB8-8B4A-11D0-8D11-00A0C91BC942}") = "Day6_2", "Day6_2\Day6_2.vcxproj", "{F3808D1A-7618-444D-BDE3-8E64D61C0D00}"
EndProject
Project("{8BC9CEB8-8B4A-11D0-8D11-00A0C91BC942}") = "Day7_1", "Day7_1\Day7_1.vcxproj", "{AA0C7463-E26E-4271-AD9C-215590D0F950}"
EndProject
Project("{8BC9CEB8-8B4A-11D0-8D11-00A0C91BC942}") = "Day7_2", "Day7_2\Day7_2.vcxproj", "{FF5051C6-761B-42C0-AF59-960C47B2D6ED}"
EndProject
Project("{8BC9CEB8-8B4A-11D0-8D11-00A0C91BC942}") = "Day8_1", "Day8_1\Day8_1.vcxproj", "{69FFBFDD-C6AA-418B-94BE-00ED1CDF7ADC}"
EndProject
Project("{8BC9CEB8-8B4A-11D0-8D11-00A0C91BC942}") = "Day8_2", "Day8_2\Day8_2.vcxproj", "{B4F60975-5926-4D28-957A-232D4BD8C994}"
EndProject
Project("{8BC9CEB8-8B4A-11D0-8D11-00A0C91BC942}") = "Day9_1", "Day9_1\Day9_1.vcxproj", "{4CE23C88-93E5-4C7A-9BC9-A499C0CD1EF7}"
EndProject
Project("{8BC9CEB8-8B4A-11D0-8D11-00A0C91BC942}") = "Day9_2", "Day9_2\Day9_2.vcxproj", "{4A6D3172-4492-46BF-9FBE-1854F950822E}"
EndProject
Project("{8BC9CEB8-8B4A-11D0-8D11-00A0C91BC942}") = "Day10_1", "Day10_1\Day10_1.vcxproj", "{220208FD-16E3-4224-90DE-F0D972FEC486}"
EndProject
Project("{8BC9CEB8-8B4A-11D0-8D11-00A0C91BC942}") = "Day10_2", "Day10_2\Day10_2.vcxproj", "{D9E3BAB9-FE1F-42ED-A212-C20FD76B4050}"
EndProject
Project("{8BC9CEB8-8B4A-11D0-8D11-00A0C91BC942}") = "Day11_1", "Day11_1\Day11_1.vcxproj", "{930600C6-C324-4ADF-8184-D6BCB3B7618E}"
EndProject
Project("{8BC9CEB8-8B4A-11D0-8D11-00A0C91BC942}") = "Day11_2", "Day11_2\Day11_2.vcxproj", "{3E9D7203-7FFD-453A-8E4E-C560F153EB96}"
EndProject
Project("{8BC9CEB8-8B4A-11D0-8D11-00A0C91BC942}") = "Day12_1", "Day12_1\Day12_1.vcxproj", "{3A33BA0E-EA43-4070-B3AF-55EDE12E5F98}"
EndProject
Project("{8BC9CEB8-8B4A-11D0-8D11-00A0C91BC942}") = "Day12_2", "Day12_2\Day12_2.vcxproj", "{6CD91626-7222-438B-BE2C-367D8EE06911}"
EndProject
Project("{8BC9CEB8-8B4A-11D0-8D11-00A0C91BC942}") = "Day13_1", "Day13_1\Day13_1.vcxproj", "{268EA1AC-0084-42BE-993B-2A9823A31048}"
EndProject
Project("{8BC9CEB8-8B4A-11D0-8D11-00A0C91BC942}") = "Day13_2", "Day13_2\Day13_2.vcxproj", "{5796D659-56FD-4E89-9327-1F218A4C986A}"
EndProject
Project("{8BC9CEB8-8B4A-11D0-8D11-00A0C91BC942}") = "Day14_1", "Day14_1\Day14_1.vcxproj", "{30736C7B-A271-411A-8C36-DEE3184BD0B0}"
EndProject
Project("{8BC9CEB8-8B4A-11D0-8D11-00A0C91BC942}") = "Day14_2", "Day14_2\Day14_2.vcxproj", "{FC8DBCE8-855D-4079-872A-2E6680371205}"
EndProject
Project("{8BC9CEB8-8B4A-11D0-8D11-00A0C91BC942}") = "Day15_1", "Day15_1\Day15_1.vcxproj", "{6CA0D89C-5DE5-4C03-80B8-9A129ACE8C24}"
EndProject
Project("{8BC9CEB8-8B4A-11D0-8D11-00A0C91BC942}") = "Day15_2", "Day15_2\Day15_2.vcxproj", "{2D81B0A1-553A-42A4-9677-50A814A11792}"
EndProject
Project("{8BC9CEB8-8B4A-11D0-8D11-00A0C91BC942}") = "Day16_1", "Day16_1\Day16_1.vcxproj", "{14C999A3-6AA1-416A-A3C3-9181C6DD893B}"
EndProject
Project("{8BC9CEB8-8B4A-11D0-8D11-00A0C91BC942}") = "Day16_2", "Day16_2\Day16_2.vcxproj", "{A6CE8871-863C-4D8E-B18B-0454C3A2DF39}"
EndProject
Project("{8BC9CEB8-8B4A-11D0-8D11-00A0C91BC942}") = "Day17_1", "Daz17_1\Daz17_1.vcxproj", "{822A4D05-E219-40AF-BE5C-156764F07FCD}"
EndProject
Project("{8BC9CEB8-8B4A-11D0-8D11-00A0C91BC942}") = "Day17_2", "Day17_2\Day17_2.vcxproj", "{2CD9B89E-F04F-4E84-BBFD-A1119714CDE0}"
EndProject
Project("{8BC9CEB8-8B4A-11D0-8D11-00A0C91BC942}") = "Day18_1", "Day18_1\Day18_1.vcxproj", "{7E493D5B-8C8E-4635-B362-70D88A24E51F}"
EndProject
Project("{8BC9CEB8-8B4A-11D0-8D11-00A0C91BC942}") = "Day18_2", "Day18_2\Day18_2.vcxproj", "{B7913D2F-5956-4067-BB7E-CC4847B6AE10}"
EndProject
Project("{8BC9CEB8-8B4A-11D0-8D11-00A0C91BC942}") = "Day19_1", "Day19_1\Day19_1.vcxproj", "{459CF568-682A-42C0-ABCB-3E41A8B97565}"
EndProject
Project("{8BC9CEB8-8B4A-11D0-8D11-00A0C91BC942}") = "Day19_2", "Day19_2\Day19_2.vcxproj", "{28872BAC-E234-4985-82AF-BE0C8098C41F}"
EndProject
Global
	GlobalSection(SolutionConfigurationPlatforms) = preSolution
		Debug|x64 = Debug|x64
		Debug|x86 = Debug|x86
		Release|x64 = Release|x64
		Release|x86 = Release|x86
	EndGlobalSection
	GlobalSection(ProjectConfigurationPlatforms) = postSolution
		{5839D33F-F80C-435C-8ED2-10AF26BE2137}.Debug|x64.ActiveCfg = Debug|x64
		{5839D33F-F80C-435C-8ED2-10AF26BE2137}.Debug|x64.Build.0 = Debug|x64
		{5839D33F-F80C-435C-8ED2-10AF26BE2137}.Debug|x86.ActiveCfg = Debug|Win32
		{5839D33F-F80C-435C-8ED2-10AF26BE2137}.Debug|x86.Build.0 = Debug|Win32
		{5839D33F-F80C-435C-8ED2-10AF26BE2137}.Release|x64.ActiveCfg = Release|x64
		{5839D33F-F80C-435C-8ED2-10AF26BE2137}.Release|x64.Build.0 = Release|x64
		{5839D33F-F80C-435C-8ED2-10AF26BE2137}.Release|x86.ActiveCfg = Release|Win32
		{5839D33F-F80C-435C-8ED2-10AF26BE2137}.Release|x86.Build.0 = Release|Win32
		{C3787C64-81EC-46A6-9CA7-18E3E35FA90F}.Debug|x64.ActiveCfg = Debug|x64
		{C3787C64-81EC-46A6-9CA7-18E3E35FA90F}.Debug|x64.Build.0 = Debug|x64
		{C3787C64-81EC-46A6-9CA7-18E3E35FA90F}.Debug|x86.ActiveCfg = Debug|Win32
		{C3787C64-81EC-46A6-9CA7-18E3E35FA90F}.Debug|x86.Build.0 = Debug|Win32
		{C3787C64-81EC-46A6-9CA7-18E3E35FA90F}.Release|x64.ActiveCfg = Release|x64
		{C3787C64-81EC-46A6-9CA7-18E3E35FA90F}.Release|x64.Build.0 = Release|x64
		{C3787C64-81EC-46A6-9CA7-18E3E35FA90F}.Release|x86.ActiveCfg = Release|Win32
		{C3787C64-81EC-46A6-9CA7-18E3E35FA90F}.Release|x86.Build.0 = Release|Win32
		{A7125081-1B84-4CA1-83EE-5A06BDD25166}.Debug|x64.ActiveCfg = Debug|x64
		{A7125081-1B84-4CA1-83EE-5A06BDD25166}.Debug|x64.Build.0 = Debug|x64
		{A7125081-1B84-4CA1-83EE-5A06BDD25166}.Debug|x86.ActiveCfg = Debug|Win32
		{A7125081-1B84-4CA1-83EE-5A06BDD25166}.Debug|x86.Build.0 = Debug|Win32
		{A7125081-1B84-4CA1-83EE-5A06BDD25166}.Release|x64.ActiveCfg = Release|x64
		{A7125081-1B84-4CA1-83EE-5A06BDD25166}.Release|x64.Build.0 = Release|x64
		{A7125081-1B84-4CA1-83EE-5A06BDD25166}.Release|x86.ActiveCfg = Release|Win32
		{A7125081-1B84-4CA1-83EE-5A06BDD25166}.Release|x86.Build.0 = Release|Win32
		{FD2E518F-7BCE-420B-A443-75BAC385C552}.Debug|x64.ActiveCfg = Debug|x64
		{FD2E518F-7BCE-420B-A443-75BAC385C552}.Debug|x64.Build.0 = Debug|x64
		{FD2E518F-7BCE-420B-A443-75BAC385C552}.Debug|x86.ActiveCfg = Debug|Win32
		{FD2E518F-7BCE-420B-A443-75BAC385C552}.Debug|x86.Build.0 = Debug|Win32
		{FD2E518F-7BCE-420B-A443-75BAC385C552}.Release|x64.ActiveCfg = Release|x64
		{FD2E518F-7BCE-420B-A443-75BAC385C552}.Release|x64.Build.0 = Release|x64
		{FD2E518F-7BCE-420B-A443-75BAC385C552}.Release|x86.ActiveCfg = Release|Win32
		{FD2E518F-7BCE-420B-A443-75BAC385C552}.Release|x86.Build.0 = Release|Win32
		{40E73CA0-4EC5-4A26-8DDD-EA55416536A8}.Debug|x64.ActiveCfg = Debug|x64
		{40E73CA0-4EC5-4A26-8DDD-EA55416536A8}.Debug|x64.Build.0 = Debug|x64
		{40E73CA0-4EC5-4A26-8DDD-EA55416536A8}.Debug|x86.ActiveCfg = Debug|Win32
		{40E73CA0-4EC5-4A26-8DDD-EA55416536A8}.Debug|x86.Build.0 = Debug|Win32
		{40E73CA0-4EC5-4A26-8DDD-EA55416536A8}.Release|x64.ActiveCfg = Release|x64
		{40E73CA0-4EC5-4A26-8DDD-EA55416536A8}.Release|x64.Build.0 = Release|x64
		{40E73CA0-4EC5-4A26-8DDD-EA55416536A8}.Release|x86.ActiveCfg = Release|Win32
		{40E73CA0-4EC5-4A26-8DDD-EA55416536A8}.Release|x86.Build.0 = Release|Win32
		{C7099A56-4D85-4ED8-9876-0076F0E1B7D1}.Debug|x64.ActiveCfg = Debug|x64
		{C7099A56-4D85-4ED8-9876-0076F0E1B7D1}.Debug|x64.Build.0 = Debug|x64
		{C7099A56-4D85-4ED8-9876-0076F0E1B7D1}.Debug|x86.ActiveCfg = Debug|Win32
		{C7099A56-4D85-4ED8-9876-0076F0E1B7D1}.Debug|x86.Build.0 = Debug|Win32
		{C7099A56-4D85-4ED8-9876-0076F0E1B7D1}.Release|x64.ActiveCfg = Release|x64
		{C7099A56-4D85-4ED8-9876-0076F0E1B7D1}.Release|x64.Build.0 = Release|x64
		{C7099A56-4D85-4ED8-9876-0076F0E1B7D1}.Release|x86.ActiveCfg = Release|Win32
		{C7099A56-4D85-4ED8-9876-0076F0E1B7D1}.Release|x86.Build.0 = Release|Win32
		{D02DAE34-1060-402A-B3DB-8DC0702FAFFA}.Debug|x64.ActiveCfg = Debug|x64
		{D02DAE34-1060-402A-B3DB-8DC0702FAFFA}.Debug|x64.Build.0 = Debug|x64
		{D02DAE34-1060-402A-B3DB-8DC0702FAFFA}.Debug|x86.ActiveCfg = Debug|Win32
		{D02DAE34-1060-402A-B3DB-8DC0702FAFFA}.Debug|x86.Build.0 = Debug|Win32
		{D02DAE34-1060-402A-B3DB-8DC0702FAFFA}.Release|x64.ActiveCfg = Release|x64
		{D02DAE34-1060-402A-B3DB-8DC0702FAFFA}.Release|x64.Build.0 = Release|x64
		{D02DAE34-1060-402A-B3DB-8DC0702FAFFA}.Release|x86.ActiveCfg = Release|Win32
		{D02DAE34-1060-402A-B3DB-8DC0702FAFFA}.Release|x86.Build.0 = Release|Win32
		{33FA7081-A64B-4B52-93F4-9F517BCD1745}.Debug|x64.ActiveCfg = Debug|x64
		{33FA7081-A64B-4B52-93F4-9F517BCD1745}.Debug|x64.Build.0 = Debug|x64
		{33FA7081-A64B-4B52-93F4-9F517BCD1745}.Debug|x86.ActiveCfg = Debug|Win32
		{33FA7081-A64B-4B52-93F4-9F517BCD1745}.Debug|x86.Build.0 = Debug|Win32
		{33FA7081-A64B-4B52-93F4-9F517BCD1745}.Release|x64.ActiveCfg = Release|x64
		{33FA7081-A64B-4B52-93F4-9F517BCD1745}.Release|x64.Build.0 = Release|x64
		{33FA7081-A64B-4B52-93F4-9F517BCD1745}.Release|x86.ActiveCfg = Release|Win32
		{33FA7081-A64B-4B52-93F4-9F517BCD1745}.Release|x86.Build.0 = Release|Win32
		{0D3144CD-AA64-47DB-A3C0-60F620B0D90D}.Debug|x64.ActiveCfg = Debug|x64
		{0D3144CD-AA64-47DB-A3C0-60F620B0D90D}.Debug|x64.Build.0 = Debug|x64
		{0D3144CD-AA64-47DB-A3C0-60F620B0D90D}.Debug|x86.ActiveCfg = Debug|Win32
		{0D3144CD-AA64-47DB-A3C0-60F620B0D90D}.Debug|x86.Build.0 = Debug|Win32
		{0D3144CD-AA64-47DB-A3C0-60F620B0D90D}.Release|x64.ActiveCfg = Release|x64
		{0D3144CD-AA64-47DB-A3C0-60F620B0D90D}.Release|x64.Build.0 = Release|x64
		{0D3144CD-AA64-47DB-A3C0-60F620B0D90D}.Release|x86.ActiveCfg = Release|Win32
		{0D3144CD-AA64-47DB-A3C0-60F620B0D90D}.Release|x86.Build.0 = Release|Win32
		{7010C556-A189-4459-8B5C-1379244060CA}.Debug|x64.ActiveCfg = Debug|x64
		{7010C556-A189-4459-8B5C-1379244060CA}.Debug|x64.Build.0 = Debug|x64
		{7010C556-A189-4459-8B5C-1379244060CA}.Debug|x86.ActiveCfg = Debug|Win32
		{7010C556-A189-4459-8B5C-1379244060CA}.Debug|x86.Build.0 = Debug|Win32
		{7010C556-A189-4459-8B5C-1379244060CA}.Release|x64.ActiveCfg = Release|x64
		{7010C556-A189-4459-8B5C-1379244060CA}.Release|x64.Build.0 = Release|x64
		{7010C556-A189-4459-8B5C-1379244060CA}.Release|x86.ActiveCfg = Release|Win32
		{7010C556-A189-4459-8B5C-1379244060CA}.Release|x86.Build.0 = Release|Win32
		{606D66E6-E3D5-4CD8-8D95-5CFBAC25D0FA}.Debug|x64.ActiveCfg = Debug|x64
		{606D66E6-E3D5-4CD8-8D95-5CFBAC25D0FA}.Debug|x64.Build.0 = Debug|x64
		{606D66E6-E3D5-4CD8-8D95-5CFBAC25D0FA}.Debug|x86.ActiveCfg = Debug|Win32
		{606D66E6-E3D5-4CD8-8D95-5CFBAC25D0FA}.Debug|x86.Build.0 = Debug|Win32
		{606D66E6-E3D5-4CD8-8D95-5CFBAC25D0FA}.Release|x64.ActiveCfg = Release|x64
		{606D66E6-E3D5-4CD8-8D95-5CFBAC25D0FA}.Release|x64.Build.0 = Release|x64
		{606D66E6-E3D5-4CD8-8D95-5CFBAC25D0FA}.Release|x86.ActiveCfg = Release|Win32
		{606D66E6-E3D5-4CD8-8D95-5CFBAC25D0FA}.Release|x86.Build.0 = Release|Win32
		{F3808D1A-7618-444D-BDE3-8E64D61C0D00}.Debug|x64.ActiveCfg = Debug|x64
		{F3808D1A-7618-444D-BDE3-8E64D61C0D00}.Debug|x64.Build.0 = Debug|x64
		{F3808D1A-7618-444D-BDE3-8E64D61C0D00}.Debug|x86.ActiveCfg = Debug|Win32
		{F3808D1A-7618-444D-BDE3-8E64D61C0D00}.Debug|x86.Build.0 = Debug|Win32
		{F3808D1A-7618-444D-BDE3-8E64D61C0D00}.Release|x64.ActiveCfg = Release|x64
		{F3808D1A-7618-444D-BDE3-8E64D61C0D00}.Release|x64.Build.0 = Release|x64
		{F3808D1A-7618-444D-BDE3-8E64D61C0D00}.Release|x86.ActiveCfg = Release|Win32
		{F3808D1A-7618-444D-BDE3-8E64D61C0D00}.Release|x86.Build.0 = Release|Win32
		{AA0C7463-E26E-4271-AD9C-215590D0F950}.Debug|x64.ActiveCfg = Debug|x64
		{AA0C7463-E26E-4271-AD9C-215590D0F950}.Debug|x64.Build.0 = Debug|x64
		{AA0C7463-E26E-4271-AD9C-215590D0F950}.Debug|x86.ActiveCfg = Debug|Win32
		{AA0C7463-E26E-4271-AD9C-215590D0F950}.Debug|x86.Build.0 = Debug|Win32
		{AA0C7463-E26E-4271-AD9C-215590D0F950}.Release|x64.ActiveCfg = Release|x64
		{AA0C7463-E26E-4271-AD9C-215590D0F950}.Release|x64.Build.0 = Release|x64
		{AA0C7463-E26E-4271-AD9C-215590D0F950}.Release|x86.ActiveCfg = Release|Win32
		{AA0C7463-E26E-4271-AD9C-215590D0F950}.Release|x86.Build.0 = Release|Win32
		{FF5051C6-761B-42C0-AF59-960C47B2D6ED}.Debug|x64.ActiveCfg = Debug|x64
		{FF5051C6-761B-42C0-AF59-960C47B2D6ED}.Debug|x64.Build.0 = Debug|x64
		{FF5051C6-761B-42C0-AF59-960C47B2D6ED}.Debug|x86.ActiveCfg = Debug|Win32
		{FF5051C6-761B-42C0-AF59-960C47B2D6ED}.Debug|x86.Build.0 = Debug|Win32
		{FF5051C6-761B-42C0-AF59-960C47B2D6ED}.Release|x64.ActiveCfg = Release|x64
		{FF5051C6-761B-42C0-AF59-960C47B2D6ED}.Release|x64.Build.0 = Release|x64
		{FF5051C6-761B-42C0-AF59-960C47B2D6ED}.Release|x86.ActiveCfg = Release|Win32
		{FF5051C6-761B-42C0-AF59-960C47B2D6ED}.Release|x86.Build.0 = Release|Win32
		{69FFBFDD-C6AA-418B-94BE-00ED1CDF7ADC}.Debug|x64.ActiveCfg = Debug|x64
		{69FFBFDD-C6AA-418B-94BE-00ED1CDF7ADC}.Debug|x64.Build.0 = Debug|x64
		{69FFBFDD-C6AA-418B-94BE-00ED1CDF7ADC}.Debug|x86.ActiveCfg = Debug|Win32
		{69FFBFDD-C6AA-418B-94BE-00ED1CDF7ADC}.Debug|x86.Build.0 = Debug|Win32
		{69FFBFDD-C6AA-418B-94BE-00ED1CDF7ADC}.Release|x64.ActiveCfg = Release|x64
		{69FFBFDD-C6AA-418B-94BE-00ED1CDF7ADC}.Release|x64.Build.0 = Release|x64
		{69FFBFDD-C6AA-418B-94BE-00ED1CDF7ADC}.Release|x86.ActiveCfg = Release|Win32
		{69FFBFDD-C6AA-418B-94BE-00ED1CDF7ADC}.Release|x86.Build.0 = Release|Win32
		{B4F60975-5926-4D28-957A-232D4BD8C994}.Debug|x64.ActiveCfg = Debug|x64
		{B4F60975-5926-4D28-957A-232D4BD8C994}.Debug|x64.Build.0 = Debug|x64
		{B4F60975-5926-4D28-957A-232D4BD8C994}.Debug|x86.ActiveCfg = Debug|Win32
		{B4F60975-5926-4D28-957A-232D4BD8C994}.Debug|x86.Build.0 = Debug|Win32
		{B4F60975-5926-4D28-957A-232D4BD8C994}.Release|x64.ActiveCfg = Release|x64
		{B4F60975-5926-4D28-957A-232D4BD8C994}.Release|x64.Build.0 = Release|x64
		{B4F60975-5926-4D28-957A-232D4BD8C994}.Release|x86.ActiveCfg = Release|Win32
		{B4F60975-5926-4D28-957A-232D4BD8C994}.Release|x86.Build.0 = Release|Win32
		{4CE23C88-93E5-4C7A-9BC9-A499C0CD1EF7}.Debug|x64.ActiveCfg = Debug|x64
		{4CE23C88-93E5-4C7A-9BC9-A499C0CD1EF7}.Debug|x64.Build.0 = Debug|x64
		{4CE23C88-93E5-4C7A-9BC9-A499C0CD1EF7}.Debug|x86.ActiveCfg = Debug|Win32
		{4CE23C88-93E5-4C7A-9BC9-A499C0CD1EF7}.Debug|x86.Build.0 = Debug|Win32
		{4CE23C88-93E5-4C7A-9BC9-A499C0CD1EF7}.Release|x64.ActiveCfg = Release|x64
		{4CE23C88-93E5-4C7A-9BC9-A499C0CD1EF7}.Release|x64.Build.0 = Release|x64
		{4CE23C88-93E5-4C7A-9BC9-A499C0CD1EF7}.Release|x86.ActiveCfg = Release|Win32
		{4CE23C88-93E5-4C7A-9BC9-A499C0CD1EF7}.Release|x86.Build.0 = Release|Win32
		{4A6D3172-4492-46BF-9FBE-1854F950822E}.Debug|x64.ActiveCfg = Debug|x64
		{4A6D3172-4492-46BF-9FBE-1854F950822E}.Debug|x64.Build.0 = Debug|x64
		{4A6D3172-4492-46BF-9FBE-1854F950822E}.Debug|x86.ActiveCfg = Debug|Win32
		{4A6D3172-4492-46BF-9FBE-1854F950822E}.Debug|x86.Build.0 = Debug|Win32
		{4A6D3172-4492-46BF-9FBE-1854F950822E}.Release|x64.ActiveCfg = Release|x64
		{4A6D3172-4492-46BF-9FBE-1854F950822E}.Release|x64.Build.0 = Release|x64
		{4A6D3172-4492-46BF-9FBE-1854F950822E}.Release|x86.ActiveCfg = Release|Win32
		{4A6D3172-4492-46BF-9FBE-1854F950822E}.Release|x86.Build.0 = Release|Win32
		{220208FD-16E3-4224-90DE-F0D972FEC486}.Debug|x64.ActiveCfg = Debug|x64
		{220208FD-16E3-4224-90DE-F0D972FEC486}.Debug|x64.Build.0 = Debug|x64
		{220208FD-16E3-4224-90DE-F0D972FEC486}.Debug|x86.ActiveCfg = Debug|Win32
		{220208FD-16E3-4224-90DE-F0D972FEC486}.Debug|x86.Build.0 = Debug|Win32
		{220208FD-16E3-4224-90DE-F0D972FEC486}.Release|x64.ActiveCfg = Release|x64
		{220208FD-16E3-4224-90DE-F0D972FEC486}.Release|x64.Build.0 = Release|x64
		{220208FD-16E3-4224-90DE-F0D972FEC486}.Release|x86.ActiveCfg = Release|Win32
		{220208FD-16E3-4224-90DE-F0D972FEC486}.Release|x86.Build.0 = Release|Win32
		{D9E3BAB9-FE1F-42ED-A212-C20FD76B4050}.Debug|x64.ActiveCfg = Debug|x64
		{D9E3BAB9-FE1F-42ED-A212-C20FD76B4050}.Debug|x64.Build.0 = Debug|x64
		{D9E3BAB9-FE1F-42ED-A212-C20FD76B4050}.Debug|x86.ActiveCfg = Debug|Win32
		{D9E3BAB9-FE1F-42ED-A212-C20FD76B4050}.Debug|x86.Build.0 = Debug|Win32
		{D9E3BAB9-FE1F-42ED-A212-C20FD76B4050}.Release|x64.ActiveCfg = Release|x64
		{D9E3BAB9-FE1F-42ED-A212-C20FD76B4050}.Release|x64.Build.0 = Release|x64
		{D9E3BAB9-FE1F-42ED-A212-C20FD76B4050}.Release|x86.ActiveCfg = Release|Win32
		{D9E3BAB9-FE1F-42ED-A212-C20FD76B4050}.Release|x86.Build.0 = Release|Win32
		{930600C6-C324-4ADF-8184-D6BCB3B7618E}.Debug|x64.ActiveCfg = Debug|x64
		{930600C6-C324-4ADF-8184-D6BCB3B7618E}.Debug|x64.Build.0 = Debug|x64
		{930600C6-C324-4ADF-8184-D6BCB3B7618E}.Debug|x86.ActiveCfg = Debug|Win32
		{930600C6-C324-4ADF-8184-D6BCB3B7618E}.Debug|x86.Build.0 = Debug|Win32
		{930600C6-C324-4ADF-8184-D6BCB3B7618E}.Release|x64.ActiveCfg = Release|x64
		{930600C6-C324-4ADF-8184-D6BCB3B7618E}.Release|x64.Build.0 = Release|x64
		{930600C6-C324-4ADF-8184-D6BCB3B7618E}.Release|x86.ActiveCfg = Release|Win32
		{930600C6-C324-4ADF-8184-D6BCB3B7618E}.Release|x86.Build.0 = Release|Win32
		{3E9D7203-7FFD-453A-8E4E-C560F153EB96}.Debug|x64.ActiveCfg = Debug|x64
		{3E9D7203-7FFD-453A-8E4E-C560F153EB96}.Debug|x64.Build.0 = Debug|x64
		{3E9D7203-7FFD-453A-8E4E-C560F153EB96}.Debug|x86.ActiveCfg = Debug|Win32
		{3E9D7203-7FFD-453A-8E4E-C560F153EB96}.Debug|x86.Build.0 = Debug|Win32
		{3E9D7203-7FFD-453A-8E4E-C560F153EB96}.Release|x64.ActiveCfg = Release|x64
		{3E9D7203-7FFD-453A-8E4E-C560F153EB96}.Release|x64.Build.0 = Release|x64
		{3E9D7203-7FFD-453A-8E4E-C560F153EB96}.Release|x86.ActiveCfg = Release|Win32
		{3E9D7203-7FFD-453A-8E4E-C560F153EB96}.Release|x86.Build.0 = Release|Win32
		{3A33BA0E-EA43-4070-B3AF-55EDE12E5F98}.Debug|x64.ActiveCfg = Debug|x64
		{3A33BA0E-EA43-4070-B3AF-55EDE12E5F98}.Debug|x64.Build.0 = Debug|x64
		{3A33BA0E-EA43-4070-B3AF-55EDE12E5F98}.Debug|x86.ActiveCfg = Debug|Win32
		{3A33BA0E-EA43-4070-B3AF-55EDE12E5F98}.Debug|x86.Build.0 = Debug|Win32
		{3A33BA0E-EA43-4070-B3AF-55EDE12E5F98}.Release|x64.ActiveCfg = Release|x64
		{3A33BA0E-EA43-4070-B3AF-55EDE12E5F98}.Release|x64.Build.0 = Release|x64
		{3A33BA0E-EA43-4070-B3AF-55EDE12E5F98}.Release|x86.ActiveCfg = Release|Win32
		{3A33BA0E-EA43-4070-B3AF-55EDE12E5F98}.Release|x86.Build.0 = Release|Win32
		{6CD91626-7222-438B-BE2C-367D8EE06911}.Debug|x64.ActiveCfg = Debug|x64
		{6CD91626-7222-438B-BE2C-367D8EE06911}.Debug|x64.Build.0 = Debug|x64
		{6CD91626-7222-438B-BE2C-367D8EE06911}.Debug|x86.ActiveCfg = Debug|Win32
		{6CD91626-7222-438B-BE2C-367D8EE06911}.Debug|x86.Build.0 = Debug|Win32
		{6CD91626-7222-438B-BE2C-367D8EE06911}.Release|x64.ActiveCfg = Release|x64
		{6CD91626-7222-438B-BE2C-367D8EE06911}.Release|x64.Build.0 = Release|x64
		{6CD91626-7222-438B-BE2C-367D8EE06911}.Release|x86.ActiveCfg = Release|Win32
		{6CD91626-7222-438B-BE2C-367D8EE06911}.Release|x86.Build.0 = Release|Win32
		{268EA1AC-0084-42BE-993B-2A9823A31048}.Debug|x64.ActiveCfg = Debug|x64
		{268EA1AC-0084-42BE-993B-2A9823A31048}.Debug|x64.Build.0 = Debug|x64
		{268EA1AC-0084-42BE-993B-2A9823A31048}.Debug|x86.ActiveCfg = Debug|Win32
		{268EA1AC-0084-42BE-993B-2A9823A31048}.Debug|x86.Build.0 = Debug|Win32
		{268EA1AC-0084-42BE-993B-2A9823A31048}.Release|x64.ActiveCfg = Release|x64
		{268EA1AC-0084-42BE-993B-2A9823A31048}.Release|x64.Build.0 = Release|x64
		{268EA1AC-0084-42BE-993B-2A9823A31048}.Release|x86.ActiveCfg = Release|Win32
		{268EA1AC-0084-42BE-993B-2A9823A31048}.Release|x86.Build.0 = Release|Win32
		{5796D659-56FD-4E89-9327-1F218A4C986A}.Debug|x64.ActiveCfg = Debug|x64
		{5796D659-56FD-4E89-9327-1F218A4C986A}.Debug|x64.Build.0 = Debug|x64
		{5796D659-56FD-4E89-9327-1F218A4C986A}.Debug|x86.ActiveCfg = Debug|Win32
		{5796D659-56FD-4E89-9327-1F218A4C986A}.Debug|x86.Build.0 = Debug|Win32
		{5796D659-56FD-4E89-9327-1F218A4C986A}.Release|x64.ActiveCfg = Release|x64
		{5796D659-56FD-4E89-9327-1F218A4C986A}.Release|x64.Build.0 = Release|x64
		{5796D659-56FD-4E89-9327-1F218A4C986A}.Release|x86.ActiveCfg = Release|Win32
		{5796D659-56FD-4E89-9327-1F218A4C986A}.Release|x86.Build.0 = Release|Win32
		{30736C7B-A271-411A-8C36-DEE3184BD0B0}.Debug|x64.ActiveCfg = Debug|x64
		{30736C7B-A271-411A-8C36-DEE3184BD0B0}.Debug|x64.Build.0 = Debug|x64
		{30736C7B-A271-411A-8C36-DEE3184BD0B0}.Debug|x86.ActiveCfg = Debug|Win32
		{30736C7B-A271-411A-8C36-DEE3184BD0B0}.Debug|x86.Build.0 = Debug|Win32
		{30736C7B-A271-411A-8C36-DEE3184BD0B0}.Release|x64.ActiveCfg = Release|x64
		{30736C7B-A271-411A-8C36-DEE3184BD0B0}.Release|x64.Build.0 = Release|x64
		{30736C7B-A271-411A-8C36-DEE3184BD0B0}.Release|x86.ActiveCfg = Release|Win32
		{30736C7B-A271-411A-8C36-DEE3184BD0B0}.Release|x86.Build.0 = Release|Win32
		{FC8DBCE8-855D-4079-872A-2E6680371205}.Debug|x64.ActiveCfg = Debug|x64
		{FC8DBCE8-855D-4079-872A-2E6680371205}.Debug|x64.Build.0 = Debug|x64
		{FC8DBCE8-855D-4079-872A-2E6680371205}.Debug|x86.ActiveCfg = Debug|Win32
		{FC8DBCE8-855D-4079-872A-2E6680371205}.Debug|x86.Build.0 = Debug|Win32
		{FC8DBCE8-855D-4079-872A-2E6680371205}.Release|x64.ActiveCfg = Release|x64
		{FC8DBCE8-855D-4079-872A-2E6680371205}.Release|x64.Build.0 = Release|x64
		{FC8DBCE8-855D-4079-872A-2E6680371205}.Release|x86.ActiveCfg = Release|Win32
		{FC8DBCE8-855D-4079-872A-2E6680371205}.Release|x86.Build.0 = Release|Win32
		{6CA0D89C-5DE5-4C03-80B8-9A129ACE8C24}.Debug|x64.ActiveCfg = Debug|x64
		{6CA0D89C-5DE5-4C03-80B8-9A129ACE8C24}.Debug|x64.Build.0 = Debug|x64
		{6CA0D89C-5DE5-4C03-80B8-9A129ACE8C24}.Debug|x86.ActiveCfg = Debug|Win32
		{6CA0D89C-5DE5-4C03-80B8-9A129ACE8C24}.Debug|x86.Build.0 = Debug|Win32
		{6CA0D89C-5DE5-4C03-80B8-9A129ACE8C24}.Release|x64.ActiveCfg = Release|x64
		{6CA0D89C-5DE5-4C03-80B8-9A129ACE8C24}.Release|x64.Build.0 = Release|x64
		{6CA0D89C-5DE5-4C03-80B8-9A129ACE8C24}.Release|x86.ActiveCfg = Release|Win32
		{6CA0D89C-5DE5-4C03-80B8-9A129ACE8C24}.Release|x86.Build.0 = Release|Win32
		{2D81B0A1-553A-42A4-9677-50A814A11792}.Debug|x64.ActiveCfg = Debug|x64
		{2D81B0A1-553A-42A4-9677-50A814A11792}.Debug|x64.Build.0 = Debug|x64
		{2D81B0A1-553A-42A4-9677-50A814A11792}.Debug|x86.ActiveCfg = Debug|Win32
		{2D81B0A1-553A-42A4-9677-50A814A11792}.Debug|x86.Build.0 = Debug|Win32
		{2D81B0A1-553A-42A4-9677-50A814A11792}.Release|x64.ActiveCfg = Release|x64
		{2D81B0A1-553A-42A4-9677-50A814A11792}.Release|x64.Build.0 = Release|x64
		{2D81B0A1-553A-42A4-9677-50A814A11792}.Release|x86.ActiveCfg = Release|Win32
		{2D81B0A1-553A-42A4-9677-50A814A11792}.Release|x86.Build.0 = Release|Win32
		{14C999A3-6AA1-416A-A3C3-9181C6DD893B}.Debug|x64.ActiveCfg = Debug|x64
		{14C999A3-6AA1-416A-A3C3-9181C6DD893B}.Debug|x64.Build.0 = Debug|x64
		{14C999A3-6AA1-416A-A3C3-9181C6DD893B}.Debug|x86.ActiveCfg = Debug|Win32
		{14C999A3-6AA1-416A-A3C3-9181C6DD893B}.Debug|x86.Build.0 = Debug|Win32
		{14C999A3-6AA1-416A-A3C3-9181C6DD893B}.Release|x64.ActiveCfg = Release|x64
		{14C999A3-6AA1-416A-A3C3-9181C6DD893B}.Release|x64.Build.0 = Release|x64
		{14C999A3-6AA1-416A-A3C3-9181C6DD893B}.Release|x86.ActiveCfg = Release|Win32
		{14C999A3-6AA1-416A-A3C3-9181C6DD893B}.Release|x86.Build.0 = Release|Win32
		{A6CE8871-863C-4D8E-B18B-0454C3A2DF39}.Debug|x64.ActiveCfg = Debug|x64
		{A6CE8871-863C-4D8E-B18B-0454C3A2DF39}.Debug|x64.Build.0 = Debug|x64
		{A6CE8871-863C-4D8E-B18B-0454C3A2DF39}.Debug|x86.ActiveCfg = Debug|Win32
		{A6CE8871-863C-4D8E-B18B-0454C3A2DF39}.Debug|x86.Build.0 = Debug|Win32
		{A6CE8871-863C-4D8E-B18B-0454C3A2DF39}.Release|x64.ActiveCfg = Release|x64
		{A6CE8871-863C-4D8E-B18B-0454C3A2DF39}.Release|x64.Build.0 = Release|x64
		{A6CE8871-863C-4D8E-B18B-0454C3A2DF39}.Release|x86.ActiveCfg = Release|Win32
		{A6CE8871-863C-4D8E-B18B-0454C3A2DF39}.Release|x86.Build.0 = Release|Win32
		{822A4D05-E219-40AF-BE5C-156764F07FCD}.Debug|x64.ActiveCfg = Debug|x64
		{822A4D05-E219-40AF-BE5C-156764F07FCD}.Debug|x64.Build.0 = Debug|x64
		{822A4D05-E219-40AF-BE5C-156764F07FCD}.Debug|x86.ActiveCfg = Debug|Win32
		{822A4D05-E219-40AF-BE5C-156764F07FCD}.Debug|x86.Build.0 = Debug|Win32
		{822A4D05-E219-40AF-BE5C-156764F07FCD}.Release|x64.ActiveCfg = Release|x64
		{822A4D05-E219-40AF-BE5C-156764F07FCD}.Release|x64.Build.0 = Release|x64
		{822A4D05-E219-40AF-BE5C-156764F07FCD}.Release|x86.ActiveCfg = Release|Win32
		{822A4D05-E219-40AF-BE5C-156764F07FCD}.Release|x86.Build.0 = Release|Win32
		{2CD9B89E-F04F-4E84-BBFD-A1119714CDE0}.Debug|x64.ActiveCfg = Debug|x64
		{2CD9B89E-F04F-4E84-BBFD-A1119714CDE0}.Debug|x64.Build.0 = Debug|x64
		{2CD9B89E-F04F-4E84-BBFD-A1119714CDE0}.Debug|x86.ActiveCfg = Debug|Win32
		{2CD9B89E-F04F-4E84-BBFD-A1119714CDE0}.Debug|x86.Build.0 = Debug|Win32
		{2CD9B89E-F04F-4E84-BBFD-A1119714CDE0}.Release|x64.ActiveCfg = Release|x64
		{2CD9B89E-F04F-4E84-BBFD-A1119714CDE0}.Release|x64.Build.0 = Release|x64
		{2CD9B89E-F04F-4E84-BBFD-A1119714CDE0}.Release|x86.ActiveCfg = Release|Win32
		{2CD9B89E-F04F-4E84-BBFD-A1119714CDE0}.Release|x86.Build.0 = Release|Win32
		{7E493D5B-8C8E-4635-B362-70D88A24E51F}.Debug|x64.ActiveCfg = Debug|x64
		{7E493D5B-8C8E-4635-B362-70D88A24E51F}.Debug|x64.Build.0 = Debug|x64
		{7E493D5B-8C8E-4635-B362-70D88A24E51F}.Debug|x86.ActiveCfg = Debug|Win32
		{7E493D5B-8C8E-4635-B362-70D88A24E51F}.Debug|x86.Build.0 = Debug|Win32
		{7E493D5B-8C8E-4635-B362-70D88A24E51F}.Release|x64.ActiveCfg = Release|x64
		{7E493D5B-8C8E-4635-B362-70D88A24E51F}.Release|x64.Build.0 = Release|x64
		{7E493D5B-8C8E-4635-B362-70D88A24E51F}.Release|x86.ActiveCfg = Release|Win32
		{7E493D5B-8C8E-4635-B362-70D88A24E51F}.Release|x86.Build.0 = Release|Win32
		{B7913D2F-5956-4067-BB7E-CC4847B6AE10}.Debug|x64.ActiveCfg = Debug|x64
		{B7913D2F-5956-4067-BB7E-CC4847B6AE10}.Debug|x64.Build.0 = Debug|x64
		{B7913D2F-5956-4067-BB7E-CC4847B6AE10}.Debug|x86.ActiveCfg = Debug|Win32
		{B7913D2F-5956-4067-BB7E-CC4847B6AE10}.Debug|x86.Build.0 = Debug|Win32
		{B7913D2F-5956-4067-BB7E-CC4847B6AE10}.Release|x64.ActiveCfg = Release|x64
		{B7913D2F-5956-4067-BB7E-CC4847B6AE10}.Release|x64.Build.0 = Release|x64
		{B7913D2F-5956-4067-BB7E-CC4847B6AE10}.Release|x86.ActiveCfg = Release|Win32
		{B7913D2F-5956-4067-BB7E-CC4847B6AE10}.Release|x86.Build.0 = Release|Win32
		{459CF568-682A-42C0-ABCB-3E41A8B97565}.Debug|x64.ActiveCfg = Debug|x64
		{459CF568-682A-42C0-ABCB-3E41A8B97565}.Debug|x64.Build.0 = Debug|x64
		{459CF568-682A-42C0-ABCB-3E41A8B97565}.Debug|x86.ActiveCfg = Debug|Win32
		{459CF568-682A-42C0-ABCB-3E41A8B97565}.Debug|x86.Build.0 = Debug|Win32
		{459CF568-682A-42C0-ABCB-3E41A8B97565}.Release|x64.ActiveCfg = Release|x64
		{459CF568-682A-42C0-ABCB-3E41A8B97565}.Release|x64.Build.0 = Release|x64
		{459CF568-682A-42C0-ABCB-3E41A8B97565}.Release|x86.ActiveCfg = Release|Win32
		{459CF568-682A-42C0-ABCB-3E41A8B97565}.Release|x86.Build.0 = Release|Win32
		{28872BAC-E234-4985-82AF-BE0C8098C41F}.Debug|x64.ActiveCfg = Debug|x64
		{28872BAC-E234-4985-82AF-BE0C8098C41F}.Debug|x64.Build.0 = Debug|x64
		{28872BAC-E234-4985-82AF-BE0C8098C41F}.Debug|x86.ActiveCfg = Debug|Win32
		{28872BAC-E234-4985-82AF-BE0C8098C41F}.Debug|x86.Build.0 = Debug|Win32
		{28872BAC-E234-4985-82AF-BE0C8098C41F}.Release|x64.ActiveCfg = Release|x64
		{28872BAC-E234-4985-82AF-BE0C8098C41F}.Release|x64.Build.0 = Release|x64
		{28872BAC-E234-4985-82AF-BE0C8098C41F}.Release|x86.ActiveCfg = Release|Win32
		{28872BAC-E234-4985-82AF-BE0C8098C41F}.Release|x86.Build.0 = Release|Win32
	EndGlobalSection
	GlobalSection(SolutionProperties) = preSolution
		HideSolutionNode = FALSE
	EndGlobalSection
	GlobalSection(ExtensibilityGlobals) = postSolution
		SolutionGuid = {69C0E97F-612E-4DED-9DF1-32B3A5F9920F}
	EndGlobalSection
EndGlobal
